// !$*UTF8*$!
{
	archiveVersion = 1;
	classes = {
	};
	objectVersion = 46;
	objects = {

/* Begin PBXBuildFile section */
		744848AA1F8ED68F0073C1A6 /* AppDelegate.swift in Sources */ = {isa = PBXBuildFile; fileRef = 744848A91F8ED68F0073C1A6 /* AppDelegate.swift */; };
		744848AC1F8ED68F0073C1A6 /* ViewController.swift in Sources */ = {isa = PBXBuildFile; fileRef = 744848AB1F8ED68F0073C1A6 /* ViewController.swift */; };
		744848AF1F8ED68F0073C1A6 /* Main.storyboard in Resources */ = {isa = PBXBuildFile; fileRef = 744848AD1F8ED68F0073C1A6 /* Main.storyboard */; };
		744848B11F8ED68F0073C1A6 /* Assets.xcassets in Resources */ = {isa = PBXBuildFile; fileRef = 744848B01F8ED68F0073C1A6 /* Assets.xcassets */; };
		744848B41F8ED68F0073C1A6 /* LaunchScreen.storyboard in Resources */ = {isa = PBXBuildFile; fileRef = 744848B21F8ED68F0073C1A6 /* LaunchScreen.storyboard */; };
		744848BC1F8ED9510073C1A6 /* DatePickerViewController.swift in Sources */ = {isa = PBXBuildFile; fileRef = 744848BB1F8ED9510073C1A6 /* DatePickerViewController.swift */; };
		744848BE1F8ED9DC0073C1A6 /* SingleComponentPickerView.swift in Sources */ = {isa = PBXBuildFile; fileRef = 744848BD1F8ED9DC0073C1A6 /* SingleComponentPickerView.swift */; };
		744848C01F8ED9F10073C1A6 /* DoubleComponentPickerView.swift in Sources */ = {isa = PBXBuildFile; fileRef = 744848BF1F8ED9F10073C1A6 /* DoubleComponentPickerView.swift */; };
		744848C21F8EDA1D0073C1A6 /* DependentComponentPickerViewController,.swift in Sources */ = {isa = PBXBuildFile; fileRef = 744848C11F8EDA1D0073C1A6 /* DependentComponentPickerViewController,.swift */; };
		744848C41F8EDA2D0073C1A6 /* CustomPickerViewController..swift in Sources */ = {isa = PBXBuildFile; fileRef = 744848C31F8EDA2D0073C1A6 /* CustomPickerViewController..swift */; };
/* End PBXBuildFile section */

/* Begin PBXFileReference section */
		744848A61F8ED68F0073C1A6 /* MAPD714_Pickers.app */ = {isa = PBXFileReference; explicitFileType = wrapper.application; includeInIndex = 0; path = MAPD714_Pickers.app; sourceTree = BUILT_PRODUCTS_DIR; };
		744848A91F8ED68F0073C1A6 /* AppDelegate.swift */ = {isa = PBXFileReference; lastKnownFileType = sourcecode.swift; path = AppDelegate.swift; sourceTree = "<group>"; };
		744848AB1F8ED68F0073C1A6 /* ViewController.swift */ = {isa = PBXFileReference; lastKnownFileType = sourcecode.swift; path = ViewController.swift; sourceTree = "<group>"; };
		744848AE1F8ED68F0073C1A6 /* Base */ = {isa = PBXFileReference; lastKnownFileType = file.storyboard; name = Base; path = Base.lproj/Main.storyboard; sourceTree = "<group>"; };
		744848B01F8ED68F0073C1A6 /* Assets.xcassets */ = {isa = PBXFileReference; lastKnownFileType = folder.assetcatalog; path = Assets.xcassets; sourceTree = "<group>"; };
		744848B31F8ED68F0073C1A6 /* Base */ = {isa = PBXFileReference; lastKnownFileType = file.storyboard; name = Base; path = Base.lproj/LaunchScreen.storyboard; sourceTree = "<group>"; };
		744848B51F8ED68F0073C1A6 /* Info.plist */ = {isa = PBXFileReference; lastKnownFileType = text.plist.xml; path = Info.plist; sourceTree = "<group>"; };
		744848BB1F8ED9510073C1A6 /* DatePickerViewController.swift */ = {isa = PBXFileReference; fileEncoding = 4; lastKnownFileType = sourcecode.swift; path = DatePickerViewController.swift; sourceTree = "<group>"; };
		744848BD1F8ED9DC0073C1A6 /* SingleComponentPickerView.swift */ = {isa = PBXFileReference; fileEncoding = 4; lastKnownFileType = sourcecode.swift; path = SingleComponentPickerView.swift; sourceTree = "<group>"; };
		744848BF1F8ED9F10073C1A6 /* DoubleComponentPickerView.swift */ = {isa = PBXFileReference; fileEncoding = 4; lastKnownFileType = sourcecode.swift; path = DoubleComponentPickerView.swift; sourceTree = "<group>"; };
		744848C11F8EDA1D0073C1A6 /* DependentComponentPickerViewController,.swift */ = {isa = PBXFileReference; fileEncoding = 4; lastKnownFileType = sourcecode.swift; path = "DependentComponentPickerViewController,.swift"; sourceTree = "<group>"; };
		744848C31F8EDA2D0073C1A6 /* CustomPickerViewController..swift */ = {isa = PBXFileReference; fileEncoding = 4; lastKnownFileType = sourcecode.swift; path = CustomPickerViewController..swift; sourceTree = "<group>"; };
/* End PBXFileReference section */

/* Begin PBXFrameworksBuildPhase section */
		744848A31F8ED68F0073C1A6 /* Frameworks */ = {
			isa = PBXFrameworksBuildPhase;
			buildActionMask = 2147483647;
			files = (
			);
			runOnlyForDeploymentPostprocessing = 0;
		};
/* End PBXFrameworksBuildPhase section */

/* Begin PBXGroup section */
		7448489D1F8ED68F0073C1A6 = {
			isa = PBXGroup;
			children = (
				744848A81F8ED68F0073C1A6 /* MAPD714_Pickers */,
				744848A71F8ED68F0073C1A6 /* Products */,
			);
			sourceTree = "<group>";
		};
		744848A71F8ED68F0073C1A6 /* Products */ = {
			isa = PBXGroup;
			children = (
				744848A61F8ED68F0073C1A6 /* MAPD714_Pickers.app */,
			);
			name = Products;
			sourceTree = "<group>";
		};
		744848A81F8ED68F0073C1A6 /* MAPD714_Pickers */ = {
			isa = PBXGroup;
			children = (
				744848A91F8ED68F0073C1A6 /* AppDelegate.swift */,
				744848AB1F8ED68F0073C1A6 /* ViewController.swift */,
				744848BB1F8ED9510073C1A6 /* DatePickerViewController.swift */,
				744848BD1F8ED9DC0073C1A6 /* SingleComponentPickerView.swift */,
				744848BF1F8ED9F10073C1A6 /* DoubleComponentPickerView.swift */,
				744848C11F8EDA1D0073C1A6 /* DependentComponentPickerViewController,.swift */,
				744848C31F8EDA2D0073C1A6 /* CustomPickerViewController..swift */,
				744848AD1F8ED68F0073C1A6 /* Main.storyboard */,
				744848B01F8ED68F0073C1A6 /* Assets.xcassets */,
				744848B21F8ED68F0073C1A6 /* LaunchScreen.storyboard */,
				744848B51F8ED68F0073C1A6 /* Info.plist */,
			);
			path = MAPD714_Pickers;
			sourceTree = "<group>";
		};
/* End PBXGroup section */

/* Begin PBXNativeTarget section */
		744848A51F8ED68F0073C1A6 /* MAPD714_Pickers */ = {
			isa = PBXNativeTarget;
			buildConfigurationList = 744848B81F8ED68F0073C1A6 /* Build configuration list for PBXNativeTarget "MAPD714_Pickers" */;
			buildPhases = (
				744848A21F8ED68F0073C1A6 /* Sources */,
				744848A31F8ED68F0073C1A6 /* Frameworks */,
				744848A41F8ED68F0073C1A6 /* Resources */,
			);
			buildRules = (
			);
			dependencies = (
			);
			name = MAPD714_Pickers;
			productName = MAPD714_Pickers;
			productReference = 744848A61F8ED68F0073C1A6 /* MAPD714_Pickers.app */;
			productType = "com.apple.product-type.application";
		};
/* End PBXNativeTarget section */

/* Begin PBXProject section */
		7448489E1F8ED68F0073C1A6 /* Project object */ = {
			isa = PBXProject;
			attributes = {
				LastSwiftUpdateCheck = 0830;
				LastUpgradeCheck = 0830;
				ORGANIZATIONNAME = "Centennial College";
				TargetAttributes = {
					744848A51F8ED68F0073C1A6 = {
						CreatedOnToolsVersion = 8.3.3;
						DevelopmentTeam = 2BULHRS882;
						ProvisioningStyle = Automatic;
					};
				};
			};
			buildConfigurationList = 744848A11F8ED68F0073C1A6 /* Build configuration list for PBXProject "MAPD714_Pickers" */;
			compatibilityVersion = "Xcode 3.2";
			developmentRegion = English;
			hasScannedForEncodings = 0;
			knownRegions = (
				en,
				Base,
			);
			mainGroup = 7448489D1F8ED68F0073C1A6;
			productRefGroup = 744848A71F8ED68F0073C1A6 /* Products */;
			projectDirPath = "";
			projectRoot = "";
			targets = (
				744848A51F8ED68F0073C1A6 /* MAPD714_Pickers */,
			);
		};
/* End PBXProject section */

/* Begin PBXResourcesBuildPhase section */
		744848A41F8ED68F0073C1A6 /* Resources */ = {
			isa = PBXResourcesBuildPhase;
			buildActionMask = 2147483647;
			files = (
				744848B41F8ED68F0073C1A6 /* LaunchScreen.storyboard in Resources */,
				744848B11F8ED68F0073C1A6 /* Assets.xcassets in Resources */,
				744848AF1F8ED68F0073C1A6 /* Main.storyboard in Resources */,
			);
			runOnlyForDeploymentPostprocessing = 0;
		};
/* End PBXResourcesBuildPhase section */

/* Begin PBXSourcesBuildPhase section */
		744848A21F8ED68F0073C1A6 /* Sources */ = {
			isa = PBXSourcesBuildPhase;
			buildActionMask = 2147483647;
			files = (
				744848C41F8EDA2D0073C1A6 /* CustomPickerViewController..swift in Sources */,
				744848BE1F8ED9DC0073C1A6 /* SingleComponentPickerView.swift in Sources */,
				744848AC1F8ED68F0073C1A6 /* ViewController.swift in Sources */,
				744848AA1F8ED68F0073C1A6 /* AppDelegate.swift in Sources */,
				744848C01F8ED9F10073C1A6 /* DoubleComponentPickerView.swift in Sources */,
				744848BC1F8ED9510073C1A6 /* DatePickerViewController.swift in Sources */,
				744848C21F8EDA1D0073C1A6 /* DependentComponentPickerViewController,.swift in Sources */,
			);
			runOnlyForDeploymentPostprocessing = 0;
		};
/* End PBXSourcesBuildPhase section */

/* Begin PBXVariantGroup section */
		744848AD1F8ED68F0073C1A6 /* Main.storyboard */ = {
			isa = PBXVariantGroup;
			children = (
				744848AE1F8ED68F0073C1A6 /* Base */,
			);
			name = Main.storyboard;
			sourceTree = "<group>";
		};
		744848B21F8ED68F0073C1A6 /* LaunchScreen.storyboard */ = {
			isa = PBXVariantGroup;
			children = (
				744848B31F8ED68F0073C1A6 /* Base */,
			);
			name = LaunchScreen.storyboard;
			sourceTree = "<group>";
		};
/* End PBXVariantGroup section */

/* Begin XCBuildConfiguration section */
		744848B61F8ED68F0073C1A6 /* Debug */ = {
			isa = XCBuildConfiguration;
			buildSettings = {
				ALWAYS_SEARCH_USER_PATHS = NO;
				CLANG_ANALYZER_NONNULL = YES;
				CLANG_ANALYZER_NUMBER_OBJECT_CONVERSION = YES_AGGRESSIVE;
				CLANG_CXX_LANGUAGE_STANDARD = "gnu++0x";
				CLANG_CXX_LIBRARY = "libc++";
				CLANG_ENABLE_MODULES = YES;
				CLANG_ENABLE_OBJC_ARC = YES;
				CLANG_WARN_BOOL_CONVERSION = YES;
				CLANG_WARN_CONSTANT_CONVERSION = YES;
				CLANG_WARN_DIRECT_OBJC_ISA_USAGE = YES_ERROR;
				CLANG_WARN_DOCUMENTATION_COMMENTS = YES;
				CLANG_WARN_EMPTY_BODY = YES;
				CLANG_WARN_ENUM_CONVERSION = YES;
				CLANG_WARN_INFINITE_RECURSION = YES;
				CLANG_WARN_INT_CONVERSION = YES;
				CLANG_WARN_OBJC_ROOT_CLASS = YES_ERROR;
				CLANG_WARN_SUSPICIOUS_MOVE = YES;
				CLANG_WARN_UNREACHABLE_CODE = YES;
				CLANG_WARN__DUPLICATE_METHOD_MATCH = YES;
				"CODE_SIGN_IDENTITY[sdk=iphoneos*]" = "iPhone Developer";
				COPY_PHASE_STRIP = NO;
				DEBUG_INFORMATION_FORMAT = dwarf;
				ENABLE_STRICT_OBJC_MSGSEND = YES;
				ENABLE_TESTABILITY = YES;
				GCC_C_LANGUAGE_STANDARD = gnu99;
				GCC_DYNAMIC_NO_PIC = NO;
				GCC_NO_COMMON_BLOCKS = YES;
				GCC_OPTIMIZATION_LEVEL = 0;
				GCC_PREPROCESSOR_DEFINITIONS = (
					"DEBUG=1",
					"$(inherited)",
				);
				GCC_WARN_64_TO_32_BIT_CONVERSION = YES;
				GCC_WARN_ABOUT_RETURN_TYPE = YES_ERROR;
				GCC_WARN_UNDECLARED_SELECTOR = YES;
				GCC_WARN_UNINITIALIZED_AUTOS = YES_AGGRESSIVE;
				GCC_WARN_UNUSED_FUNCTION = YES;
				GCC_WARN_UNUSED_VARIABLE = YES;
				IPHONEOS_DEPLOYMENT_TARGET = 10.3;
				MTL_ENABLE_DEBUG_INFO = YES;
				ONLY_ACTIVE_ARCH = YES;
				SDKROOT = iphoneos;
				SWIFT_ACTIVE_COMPILATION_CONDITIONS = DEBUG;
				SWIFT_OPTIMIZATION_LEVEL = "-Onone";
			};
			name = Debug;
		};
		744848B71F8ED68F0073C1A6 /* Release */ = {
			isa = XCBuildConfiguration;
			buildSettings = {
				ALWAYS_SEARCH_USER_PATHS = NO;
				CLANG_ANALYZER_NONNULL = YES;
				CLANG_ANALYZER_NUMBER_OBJECT_CONVERSION = YES_AGGRESSIVE;
				CLANG_CXX_LANGUAGE_STANDARD = "gnu++0x";
				CLANG_CXX_LIBRARY = "libc++";
				CLANG_ENABLE_MODULES = YES;
				CLANG_ENABLE_OBJC_ARC = YES;
				CLANG_WARN_BOOL_CONVERSION = YES;
				CLANG_WARN_CONSTANT_CONVERSION = YES;
				CLANG_WARN_DIRECT_OBJC_ISA_USAGE = YES_ERROR;
				CLANG_WARN_DOCUMENTATION_COMMENTS = YES;
				CLANG_WARN_EMPTY_BODY = YES;
				CLANG_WARN_ENUM_CONVERSION = YES;
				CLANG_WARN_INFINITE_RECURSION = YES;
				CLANG_WARN_INT_CONVERSION = YES;
				CLANG_WARN_OBJC_ROOT_CLASS = YES_ERROR;
				CLANG_WARN_SUSPICIOUS_MOVE = YES;
				CLANG_WARN_UNREACHABLE_CODE = YES;
				CLANG_WARN__DUPLICATE_METHOD_MATCH = YES;
				"CODE_SIGN_IDENTITY[sdk=iphoneos*]" = "iPhone Developer";
				COPY_PHASE_STRIP = NO;
				DEBUG_INFORMATION_FORMAT = "dwarf-with-dsym";
				ENABLE_NS_ASSERTIONS = NO;
				ENABLE_STRICT_OBJC_MSGSEND = YES;
				GCC_C_LANGUAGE_STANDARD = gnu99;
				GCC_NO_COMMON_BLOCKS = YES;
				GCC_WARN_64_TO_32_BIT_CONVERSION = YES;
				GCC_WARN_ABOUT_RETURN_TYPE = YES_ERROR;
				GCC_WARN_UNDECLARED_SELECTOR = YES;
				GCC_WARN_UNINITIALIZED_AUTOS = YES_AGGRESSIVE;
				GCC_WARN_UNUSED_FUNCTION = YES;
				GCC_WARN_UNUSED_VARIABLE = YES;
				IPHONEOS_DEPLOYMENT_TARGET = 10.3;
				MTL_ENABLE_DEBUG_INFO = NO;
				SDKROOT = iphoneos;
				SWIFT_OPTIMIZATION_LEVEL = "-Owholemodule";
				VALIDATE_PRODUCT = YES;
			};
			name = Release;
		};
		744848B91F8ED68F0073C1A6 /* Debug */ = {
			isa = XCBuildConfiguration;
			buildSettings = {
				ASSETCATALOG_COMPILER_APPICON_NAME = AppIcon;
				DEVELOPMENT_TEAM = 2BULHRS882;
				INFOPLIST_FILE = MAPD714_Pickers/Info.plist;
				LD_RUNPATH_SEARCH_PATHS = "$(inherited) @executable_path/Frameworks";
				PRODUCT_BUNDLE_IDENTIFIER = "ca.centennialcollege.MAPD714-Pickers";
				PRODUCT_NAME = "$(TARGET_NAME)";
				SWIFT_VERSION = 3.0;
			};
			name = Debug;
		};
		744848BA1F8ED68F0073C1A6 /* Release */ = {
			isa = XCBuildConfiguration;
			buildSettings = {
				ASSETCATALOG_COMPILER_APPICON_NAME = AppIcon;
				DEVELOPMENT_TEAM = 2BULHRS882;
				INFOPLIST_FILE = MAPD714_Pickers/Info.plist;
				LD_RUNPATH_SEARCH_PATHS = "$(inherited) @executable_path/Frameworks";
				PRODUCT_BUNDLE_IDENTIFIER = "ca.centennialcollege.MAPD714-Pickers";
				PRODUCT_NAME = "$(TARGET_NAME)";
				SWIFT_VERSION = 3.0;
			};
			name = Release;
		};
/* End XCBuildConfiguration section */

/* Begin XCConfigurationList section */
		744848A11F8ED68F0073C1A6 /* Build configuration list for PBXProject "MAPD714_Pickers" */ = {
			isa = XCConfigurationList;
			buildConfigurations = (
				744848B61F8ED68F0073C1A6 /* Debug */,
				744848B71F8ED68F0073C1A6 /* Release */,
			);
			defaultConfigurationIsVisible = 0;
			defaultConfigurationName = Release;
		};
		744848B81F8ED68F0073C1A6 /* Build configuration list for PBXNativeTarget "MAPD714_Pickers" */ = {
			isa = XCConfigurationList;
			buildConfigurations = (
				744848B91F8ED68F0073C1A6 /* Debug */,
				744848BA1F8ED68F0073C1A6 /* Release */,
			);
			defaultConfigurationIsVisible = 0;
		};
/* End XCConfigurationList section */
	};
	rootObject = 7448489E1F8ED68F0073C1A6 /* Project object */;
}
